
Microsoft Visual Studio Solution File, Format Version 12.00
# Visual Studio Version 17
VisualStudioVersion = 17.4.33103.184
MinimumVisualStudioVersion = 10.0.40219.1
Project("{FAE04EC0-301F-11D3-BF4B-00C04F79EFBC}") = "ScholarCheatMenu", "ScholarCheatMenu\ScholarCheatMenu.csproj", "{D470F968-FECF-4A5C-9A71-39831B73776B}"
EndProject
Global
	GlobalSection(SolutionConfigurationPlatforms) = preSolution
		Debug|Any CPU = Debug|Any CPU
		Release|Any CPU = Release|Any CPU
	EndGlobalSection
	GlobalSection(ProjectConfigurationPlatforms) = postSolution
		{D470F968-FECF-4A5C-9A71-39831B73776B}.Debug|Any CPU.ActiveCfg = Debug|Any CPU
		{D470F968-FECF-4A5C-9A71-39831B73776B}.Debug|Any CPU.Build.0 = Debug|Any CPU
		{D470F968-FECF-4A5C-9A71-39831B73776B}.Release|Any CPU.ActiveCfg = Release|Any CPU
		{D470F968-FECF-4A5C-9A71-39831B73776B}.Release|Any CPU.Build.0 = Release|Any CPU
	EndGlobalSection
	GlobalSection(SolutionProperties) = preSolution
		HideSolutionNode = FALSE
	EndGlobalSection
	GlobalSection(ExtensibilityGlobals) = postSolution
		SolutionGuid = {D60F7DB7-80AB-4C87-B2BF-C6052FA4CF0F}
	EndGlobalSection
EndGlobal
